{
  "originHash" : "231661e7b75185a179687be6b6eb4a97f3a0f1c7373c299216d8659a384c6eea",
  "pins" : [
    {
      "identity" : "needle",
      "kind" : "remoteSourceControl",
      "location" : "https://github.com/uber/needle.git",
      "state" : {
        "branch" : "master",
        "revision" : "4f43ec612307012b34664b9e95ac680c75622906"
      }
    },
    {
      "identity" : "rxswift",
      "kind" : "remoteSourceControl",
      "location" : "https://github.com/ReactiveX/RxSwift.git",
      "state" : {
        "branch" : "main",
        "revision" : "7570d44ac74e0c25a7a99bd22ff094f64314a805"
      }
    }
  ],
  "version" : 3
}
